PODS:
  - Alamofire (3.4.1)
  - Kingfisher (2.4.2)
  - SnapKit (0.30.0.beta2)
  - SwiftyJSON (2.3.2)

DEPENDENCIES:
  - Alamofire (~> 3.4.1)
  - Kingfisher (~> 2.4.2)
  - SnapKit (~> 0.30.0.beta2)
  - SwiftyJSON (~> 2.3.2)

SPEC CHECKSUMS:
  Alamofire: 01a82e2f6c0f860ade35534c8dd88be61bdef40c
  Kingfisher: 05bf8d04408aaa70fcd2c8c81b9f1d0f1ad313dd
  SnapKit: c4bb32b1d3c5d18ff63bf95ffcbc599d2bab964c
  SwiftyJSON: 04ccea08915aa0109039157c7974cf0298da292a

PODFILE CHECKSUM: a8550874818bcb1080a483416c71514a2173ea19

COCOAPODS: 1.0.1
