<?xml version="1.0" encoding="UTF-8"?>
<Scheme
   LastUpgradeVersion = "0730"
   version = "1.3">
   <BuildAction
      parallelizeBuildables = "YES"
      buildImplicitDependencies = "YES">
      <BuildActionEntries>
         <BuildActionEntry
            buildForTesting = "YES"
            buildForRunning = "YES"
            buildForProfiling = "YES"
            buildForArchiving = "YES"
            buildForAnalyzing = "YES">
            <BuildableReference
               BuildableIdentifier = "primary"
               BlueprintIdentifier = "2C14134B1D7FF5800054F39B"
               BuildableName = "&#x5b66;&#x4e60;Swift.app"
               BlueprintName = "&#x5b66;&#x4e60;Swift"
               ReferencedContainer = "container:&#x5b66;&#x4e60;Swift.xcodeproj">
            </BuildableReference>
         </BuildActionEntry>
      </BuildActionEntries>
   </BuildAction>
   <TestAction
      buildConfiguration = "Debug"
      selectedDebuggerIdentifier = "Xcode.DebuggerFoundation.Debugger.LLDB"
      selectedLauncherIdentifier = "Xcode.DebuggerFoundation.Launcher.LLDB"
      shouldUseLaunchSchemeArgsEnv = "YES">
      <Testables>
         <TestableReference
            skipped = "NO">
            <BuildableReference
               BuildableIdentifier = "primary"
               BlueprintIdentifier = "2C14135F1D7FF5800054F39B"
               BuildableName = "&#x5b66;&#x4e60;SwiftTests.xctest"
               BlueprintName = "&#x5b66;&#x4e60;SwiftTests"
               ReferencedContainer = "container:&#x5b66;&#x4e60;Swift.xcodeproj">
            </BuildableReference>
         </TestableReference>
         <TestableReference
            skipped = "NO">
            <BuildableReference
               BuildableIdentifier = "primary"
               BlueprintIdentifier = "2C14136A1D7FF5800054F39B"
               BuildableName = "&#x5b66;&#x4e60;SwiftUITests.xctest"
               BlueprintName = "&#x5b66;&#x4e60;SwiftUITests"
               ReferencedContainer = "container:&#x5b66;&#x4e60;Swift.xcodeproj">
            </BuildableReference>
         </TestableReference>
      </Testables>
      <MacroExpansion>
         <BuildableReference
            BuildableIdentifier = "primary"
            BlueprintIdentifier = "2C14134B1D7FF5800054F39B"
            BuildableName = "&#x5b66;&#x4e60;Swift.app"
            BlueprintName = "&#x5b66;&#x4e60;Swift"
            ReferencedContainer = "container:&#x5b66;&#x4e60;Swift.xcodeproj">
         </BuildableReference>
      </MacroExpansion>
      <AdditionalOptions>
      </AdditionalOptions>
   </TestAction>
   <LaunchAction
      buildConfiguration = "Debug"
      selectedDebuggerIdentifier = "Xcode.DebuggerFoundation.Debugger.LLDB"
      selectedLauncherIdentifier = "Xcode.DebuggerFoundation.Launcher.LLDB"
      launchStyle = "0"
      useCustomWorkingDirectory = "NO"
      ignoresPersistentStateOnLaunch = "NO"
      debugDocumentVersioning = "YES"
      debugServiceExtension = "internal"
      allowLocationSimulation = "YES">
      <BuildableProductRunnable
         runnableDebuggingMode = "0">
         <BuildableReference
            BuildableIdentifier = "primary"
            BlueprintIdentifier = "2C14134B1D7FF5800054F39B"
            BuildableName = "&#x5b66;&#x4e60;Swift.app"
            BlueprintName = "&#x5b66;&#x4e60;Swift"
            ReferencedContainer = "container:&#x5b66;&#x4e60;Swift.xcodeproj">
         </BuildableReference>
      </BuildableProductRunnable>
      <AdditionalOptions>
      </AdditionalOptions>
   </LaunchAction>
   <ProfileAction
      buildConfiguration = "Release"
      shouldUseLaunchSchemeArgsEnv = "YES"
      savedToolIdentifier = ""
      useCustomWorkingDirectory = "NO"
      debugDocumentVersioning = "YES">
      <BuildableProductRunnable
         runnableDebuggingMode = "0">
         <BuildableReference
            BuildableIdentifier = "primary"
            BlueprintIdentifier = "2C14134B1D7FF5800054F39B"
            BuildableName = "&#x5b66;&#x4e60;Swift.app"
            BlueprintName = "&#x5b66;&#x4e60;Swift"
            ReferencedContainer = "container:&#x5b66;&#x4e60;Swift.xcodeproj">
         </BuildableReference>
      </BuildableProductRunnable>
   </ProfileAction>
   <AnalyzeAction
      buildConfiguration = "Debug">
   </AnalyzeAction>
   <ArchiveAction
      buildConfiguration = "Release"
      revealArchiveInOrganizer = "YES">
   </ArchiveAction>
</Scheme>
